{
  "name": "-",
  "version": "1.0.0",
  "lockfileVersion": 1,
  "requires": true,
  "dependencies": {
    "@vant/area-data": {
      "version": "1.1.1",
      "resolved": "https://registry.nlark.com/@vant/area-data/download/@vant/area-data-1.1.1.tgz",

      "integrity": "sha1-uaz4qATA1g9yG2kAaAKZQisAaxo=",
      "dev": true
    },
    "@vant/weapp": {
      "version": "1.6.8",
      "resolved": "https://registry.nlark.com/@vant/weapp/download/@vant/weapp-1.6.8.tgz?cache=0&sync_timestamp=1621751117302&other_urls=https%3A%2F%2Fregistry.nlark.com%2F%40vant%2Fweapp%2Fdownload%2F%40vant%2Fweapp-1.6.8.tgz",
      "integrity": "sha1-lIrhb7oHxaIFTFJ4PyKq9qBEU+E="

    }
  }
}
